
Microsoft Visual Studio Solution File, Format Version 12.00
# Visual Studio Version 17
VisualStudioVersion = 17.9.34321.82
MinimumVisualStudioVersion = 10.0.40219.1
Project("{9A19103F-16F7-4668-BE54-9A1E7A4F7556}") = "Day1", "Day 1\Day1.csproj", "{1B7B5CF5-FA8F-436F-A257-D2C3966AD518}"
EndProject
Project("{9A19103F-16F7-4668-BE54-9A1E7A4F7556}") = "Day2", "Day 2\Day2.csproj", "{B06279AF-0F2D-4D91-8B14-1D01204F3C1B}"
EndProject
Project("{9A19103F-16F7-4668-BE54-9A1E7A4F7556}") = "Day4", "Day 4\Day4.csproj", "{9FAEBB9D-0279-43C8-8141-0AA959C1E6FB}"
EndProject
Project("{9A19103F-16F7-4668-BE54-9A1E7A4F7556}") = "Day3", "Day 3\Day3.csproj", "{A60D0E0B-C810-4866-B9A5-15F83CEC1BAC}"
EndProject
Project("{9A19103F-16F7-4668-BE54-9A1E7A4F7556}") = "Day5", "Day 5\Day5.csproj", "{A2240F96-88D6-4CFC-BF81-0F0624EF554D}"
EndProject
Project("{9A19103F-16F7-4668-BE54-9A1E7A4F7556}") = "Day6", "Day 6\Day6.csproj", "{7BD6A0F4-D6C3-40CA-845D-83571CE96944}"
EndProject
Project("{9A19103F-16F7-4668-BE54-9A1E7A4F7556}") = "Day7", "Day 7\Day7.csproj", "{D77C088D-83F2-4003-9814-BD024188E537}"
EndProject
Project("{9A19103F-16F7-4668-BE54-9A1E7A4F7556}") = "Day8", "Day 8\Day8.csproj", "{4556071F-5CB5-4BC5-ACC9-774C265959BD}"
EndProject
Project("{9A19103F-16F7-4668-BE54-9A1E7A4F7556}") = "Day9", "Day 9\Day9.csproj", "{B8B5674C-E259-4F3A-833C-8A6EC8B6A11F}"
EndProject
Project("{9A19103F-16F7-4668-BE54-9A1E7A4F7556}") = "Day11", "Day 11\Day11.csproj", "{9EC8A93C-8FEE-4CE6-B121-CFDF84A9A22E}"
EndProject
Project("{9A19103F-16F7-4668-BE54-9A1E7A4F7556}") = "Day12", "Day 12\Day12.csproj", "{E500BC02-00AC-4E17-9BB5-ABA4BEC617F1}"
EndProject
Project("{9A19103F-16F7-4668-BE54-9A1E7A4F7556}") = "Day13", "Day 13\Day13.csproj", "{70C6B49B-CF91-485A-81E5-ED1A1C52F408}"
EndProject
Project("{9A19103F-16F7-4668-BE54-9A1E7A4F7556}") = "Day14", "Day 14\Day14.csproj", "{EA9358CE-F511-49F5-9E35-F01614F89E64}"
EndProject
Project("{9A19103F-16F7-4668-BE54-9A1E7A4F7556}") = "Day10", "Day 10\Day10.csproj", "{41B29DFC-C64C-4AE1-B39C-F4713F8AA1BD}"
EndProject
Global
	GlobalSection(SolutionConfigurationPlatforms) = preSolution
		Debug|Any CPU = Debug|Any CPU
		Release|Any CPU = Release|Any CPU
	EndGlobalSection
	GlobalSection(ProjectConfigurationPlatforms) = postSolution
		{1B7B5CF5-FA8F-436F-A257-D2C3966AD518}.Debug|Any CPU.ActiveCfg = Debug|Any CPU
		{1B7B5CF5-FA8F-436F-A257-D2C3966AD518}.Debug|Any CPU.Build.0 = Debug|Any CPU
		{1B7B5CF5-FA8F-436F-A257-D2C3966AD518}.Release|Any CPU.ActiveCfg = Release|Any CPU
		{1B7B5CF5-FA8F-436F-A257-D2C3966AD518}.Release|Any CPU.Build.0 = Release|Any CPU
		{B06279AF-0F2D-4D91-8B14-1D01204F3C1B}.Debug|Any CPU.ActiveCfg = Debug|Any CPU
		{B06279AF-0F2D-4D91-8B14-1D01204F3C1B}.Debug|Any CPU.Build.0 = Debug|Any CPU
		{B06279AF-0F2D-4D91-8B14-1D01204F3C1B}.Release|Any CPU.ActiveCfg = Release|Any CPU
		{B06279AF-0F2D-4D91-8B14-1D01204F3C1B}.Release|Any CPU.Build.0 = Release|Any CPU
		{9FAEBB9D-0279-43C8-8141-0AA959C1E6FB}.Debug|Any CPU.ActiveCfg = Debug|Any CPU
		{9FAEBB9D-0279-43C8-8141-0AA959C1E6FB}.Debug|Any CPU.Build.0 = Debug|Any CPU
		{9FAEBB9D-0279-43C8-8141-0AA959C1E6FB}.Release|Any CPU.ActiveCfg = Release|Any CPU
		{9FAEBB9D-0279-43C8-8141-0AA959C1E6FB}.Release|Any CPU.Build.0 = Release|Any CPU
		{A60D0E0B-C810-4866-B9A5-15F83CEC1BAC}.Debug|Any CPU.ActiveCfg = Debug|Any CPU
		{A60D0E0B-C810-4866-B9A5-15F83CEC1BAC}.Debug|Any CPU.Build.0 = Debug|Any CPU
		{A60D0E0B-C810-4866-B9A5-15F83CEC1BAC}.Release|Any CPU.ActiveCfg = Release|Any CPU
		{A60D0E0B-C810-4866-B9A5-15F83CEC1BAC}.Release|Any CPU.Build.0 = Release|Any CPU
		{A2240F96-88D6-4CFC-BF81-0F0624EF554D}.Debug|Any CPU.ActiveCfg = Debug|Any CPU
		{A2240F96-88D6-4CFC-BF81-0F0624EF554D}.Debug|Any CPU.Build.0 = Debug|Any CPU
		{A2240F96-88D6-4CFC-BF81-0F0624EF554D}.Release|Any CPU.ActiveCfg = Release|Any CPU
		{A2240F96-88D6-4CFC-BF81-0F0624EF554D}.Release|Any CPU.Build.0 = Release|Any CPU
		{7BD6A0F4-D6C3-40CA-845D-83571CE96944}.Debug|Any CPU.ActiveCfg = Debug|Any CPU
		{7BD6A0F4-D6C3-40CA-845D-83571CE96944}.Debug|Any CPU.Build.0 = Debug|Any CPU
		{7BD6A0F4-D6C3-40CA-845D-83571CE96944}.Release|Any CPU.ActiveCfg = Release|Any CPU
		{7BD6A0F4-D6C3-40CA-845D-83571CE96944}.Release|Any CPU.Build.0 = Release|Any CPU
		{D77C088D-83F2-4003-9814-BD024188E537}.Debug|Any CPU.ActiveCfg = Debug|Any CPU
		{D77C088D-83F2-4003-9814-BD024188E537}.Debug|Any CPU.Build.0 = Debug|Any CPU
		{D77C088D-83F2-4003-9814-BD024188E537}.Release|Any CPU.ActiveCfg = Release|Any CPU
		{D77C088D-83F2-4003-9814-BD024188E537}.Release|Any CPU.Build.0 = Release|Any CPU
		{4556071F-5CB5-4BC5-ACC9-774C265959BD}.Debug|Any CPU.ActiveCfg = Debug|Any CPU
		{4556071F-5CB5-4BC5-ACC9-774C265959BD}.Debug|Any CPU.Build.0 = Debug|Any CPU
		{4556071F-5CB5-4BC5-ACC9-774C265959BD}.Release|Any CPU.ActiveCfg = Release|Any CPU
		{4556071F-5CB5-4BC5-ACC9-774C265959BD}.Release|Any CPU.Build.0 = Release|Any CPU
		{B8B5674C-E259-4F3A-833C-8A6EC8B6A11F}.Debug|Any CPU.ActiveCfg = Debug|Any CPU
		{B8B5674C-E259-4F3A-833C-8A6EC8B6A11F}.Debug|Any CPU.Build.0 = Debug|Any CPU
		{B8B5674C-E259-4F3A-833C-8A6EC8B6A11F}.Release|Any CPU.ActiveCfg = Release|Any CPU
		{B8B5674C-E259-4F3A-833C-8A6EC8B6A11F}.Release|Any CPU.Build.0 = Release|Any CPU
		{9EC8A93C-8FEE-4CE6-B121-CFDF84A9A22E}.Debug|Any CPU.ActiveCfg = Debug|Any CPU
		{9EC8A93C-8FEE-4CE6-B121-CFDF84A9A22E}.Debug|Any CPU.Build.0 = Debug|Any CPU
		{9EC8A93C-8FEE-4CE6-B121-CFDF84A9A22E}.Release|Any CPU.ActiveCfg = Release|Any CPU
		{9EC8A93C-8FEE-4CE6-B121-CFDF84A9A22E}.Release|Any CPU.Build.0 = Release|Any CPU
		{E500BC02-00AC-4E17-9BB5-ABA4BEC617F1}.Debug|Any CPU.ActiveCfg = Debug|Any CPU
		{E500BC02-00AC-4E17-9BB5-ABA4BEC617F1}.Debug|Any CPU.Build.0 = Debug|Any CPU
		{E500BC02-00AC-4E17-9BB5-ABA4BEC617F1}.Release|Any CPU.ActiveCfg = Release|Any CPU
		{E500BC02-00AC-4E17-9BB5-ABA4BEC617F1}.Release|Any CPU.Build.0 = Release|Any CPU
		{70C6B49B-CF91-485A-81E5-ED1A1C52F408}.Debug|Any CPU.ActiveCfg = Debug|Any CPU
		{70C6B49B-CF91-485A-81E5-ED1A1C52F408}.Debug|Any CPU.Build.0 = Debug|Any CPU
		{70C6B49B-CF91-485A-81E5-ED1A1C52F408}.Release|Any CPU.ActiveCfg = Release|Any CPU
		{70C6B49B-CF91-485A-81E5-ED1A1C52F408}.Release|Any CPU.Build.0 = Release|Any CPU
		{EA9358CE-F511-49F5-9E35-F01614F89E64}.Debug|Any CPU.ActiveCfg = Debug|Any CPU
		{EA9358CE-F511-49F5-9E35-F01614F89E64}.Debug|Any CPU.Build.0 = Debug|Any CPU
		{EA9358CE-F511-49F5-9E35-F01614F89E64}.Release|Any CPU.ActiveCfg = Release|Any CPU
		{EA9358CE-F511-49F5-9E35-F01614F89E64}.Release|Any CPU.Build.0 = Release|Any CPU
		{41B29DFC-C64C-4AE1-B39C-F4713F8AA1BD}.Debug|Any CPU.ActiveCfg = Debug|Any CPU
		{41B29DFC-C64C-4AE1-B39C-F4713F8AA1BD}.Debug|Any CPU.Build.0 = Debug|Any CPU
		{41B29DFC-C64C-4AE1-B39C-F4713F8AA1BD}.Release|Any CPU.ActiveCfg = Release|Any CPU
		{41B29DFC-C64C-4AE1-B39C-F4713F8AA1BD}.Release|Any CPU.Build.0 = Release|Any CPU
	EndGlobalSection
	GlobalSection(SolutionProperties) = preSolution
		HideSolutionNode = FALSE
	EndGlobalSection
	GlobalSection(ExtensibilityGlobals) = postSolution
		SolutionGuid = {3920195D-B9E0-4446-898C-261189BA7BF1}
	EndGlobalSection
EndGlobal
